<?xml version="1.0" encoding="utf-8"?>
<Project ToolsVersion="4.0" xmlns="http://schemas.microsoft.com/developer/msbuild/2003">
  <ItemGroup>
    <Filter Include="소스 파일">
      <UniqueIdentifier>{4FC737F1-C7A5-4376-A066-2A32D752A2FF}</UniqueIdentifier>
      <Extensions>cpp;c;cc;cxx;def;odl;idl;hpj;bat;asm;asmx</Extensions>
    </Filter>
    <Filter Include="헤더 파일">
      <UniqueIdentifier>{93995380-89BD-4b04-88EB-625FBE52EBFB}</UniqueIdentifier>
      <Extensions>h;hh;hpp;hxx;hm;inl;inc;ipp;xsd</Extensions>
    </Filter>
    <Filter Include="2DFramework">
      <UniqueIdentifier>{771b621e-ae3b-474c-b610-ddc16a0a360f}</UniqueIdentifier>
    </Filter>
    <Filter Include="2DFramework\singletonBase">
      <UniqueIdentifier>{39a0cede-90e4-4e9a-bd8c-8466c02fcc50}</UniqueIdentifier>
    </Filter>
    <Filter Include="PlayGround">
      <UniqueIdentifier>{e37d5369-ec86-4a52-8402-8a314525fb73}</UniqueIdentifier>
    </Filter>
    <Filter Include="2DFramework\Manager">
      <UniqueIdentifier>{793f1ed7-4eab-4a98-beb1-b6c6e0c4a84d}</UniqueIdentifier>
    </Filter>
    <Filter Include="2DFramework\image">
      <UniqueIdentifier>{c62ccf59-8b92-4322-a311-2b974dd6a54c}</UniqueIdentifier>
    </Filter>
    <Filter Include="리소스 파일">
      <UniqueIdentifier>{67DA6AB6-F800-4c08-8B7A-83BB121AAD01}</UniqueIdentifier>
      <Extensions>rc;ico;cur;bmp;dlg;rc2;rct;bin;rgs;gif;jpg;jpeg;jpe;resx;tiff;tif;png;wav;mfcribbon-ms</Extensions>
    </Filter>
    <Filter Include="2DFramework\progressBar">
      <UniqueIdentifier>{131d8384-2305-4f91-9eb9-416cbfaa3e49}</UniqueIdentifier>
    </Filter>
    <Filter Include="2DFramework\txtData">
      <UniqueIdentifier>{6c3fff83-36d5-4a78-bb15-86d79f2ca639}</UniqueIdentifier>
    </Filter>
    <Filter Include="2DFramework\Timer">
      <UniqueIdentifier>{72124606-8050-45c3-ae12-ed9db2dbbe34}</UniqueIdentifier>
    </Filter>
    <Filter Include="2DFramework\animation">
      <UniqueIdentifier>{514037f8-8d44-4576-bf4f-edde874f8e40}</UniqueIdentifier>
    </Filter>
    <Filter Include="2DFramework\effect">
      <UniqueIdentifier>{5a079868-c63d-448c-ad91-e3529a2f0702}</UniqueIdentifier>
    </Filter>
    <Filter Include="2DFramework\button">
      <UniqueIdentifier>{da32caab-0f28-47e9-aacd-ff92bf32a846}</UniqueIdentifier>
    </Filter>
    <Filter Include="2DFramework\action">
      <UniqueIdentifier>{29ce7e2b-17af-439c-a519-f3ca2bf12ff1}</UniqueIdentifier>
    </Filter>
    <Filter Include="2DFramework\loading">
      <UniqueIdentifier>{d69867cb-32ec-4cbf-bdb7-1cb47c6d89b9}</UniqueIdentifier>
    </Filter>
    <Filter Include="PlayGround\Scene">
      <UniqueIdentifier>{f00335ff-c296-47de-aae7-ef46b0b7933f}</UniqueIdentifier>
    </Filter>
    <Filter Include="PlayGround\Scene\town">
      <UniqueIdentifier>{ba7f124b-be61-4dc6-ad0e-b06aa0858a4c}</UniqueIdentifier>
    </Filter>
    <Filter Include="PlayGround\Scene\UI">
      <UniqueIdentifier>{6656cf5e-7c60-40c0-98aa-ebe031fa0b0e}</UniqueIdentifier>
    </Filter>
    <Filter Include="PlayGround\Scene\worldMap">
      <UniqueIdentifier>{08c719e6-de10-4ce3-ae83-c06c07022ee5}</UniqueIdentifier>
    </Filter>
    <Filter Include="PlayGround\Scene\mapTool">
      <UniqueIdentifier>{4013ed81-1b1d-4f56-af37-e25cb0c1c412}</UniqueIdentifier>
    </Filter>
    <Filter Include="PlayGround\Scene\dungeon">
      <UniqueIdentifier>{8eebf6c3-a48f-4ee8-94d2-00310fb611c7}</UniqueIdentifier>
    </Filter>
    <Filter Include="PlayGround\tileMap">
      <UniqueIdentifier>{d76d5014-f81d-425c-a10b-75fbd73b86af}</UniqueIdentifier>
    </Filter>
    <Filter Include="PlayGround\enemyManager">
      <UniqueIdentifier>{c89928db-59e5-4dff-b991-f3d2d6161a0f}</UniqueIdentifier>
    </Filter>
    <Filter Include="PlayGround\item">
      <UniqueIdentifier>{f9a3f0d3-9d3d-4030-af62-a982dd415d5a}</UniqueIdentifier>
    </Filter>
    <Filter Include="PlayGround\npc">
      <UniqueIdentifier>{07ecd566-7071-4bc8-8e77-8b5d6770e3d9}</UniqueIdentifier>
    </Filter>
    <Filter Include="PlayGround\camera">
      <UniqueIdentifier>{50e45c2e-ec9e-45a2-b15f-297557077410}</UniqueIdentifier>
    </Filter>
    <Filter Include="PlayGround\enemy">
      <UniqueIdentifier>{bc01b447-9401-4074-a3e8-81da2b6c98b4}</UniqueIdentifier>
    </Filter>
    <Filter Include="PlayGround\effect">
      <UniqueIdentifier>{c89162af-b43b-45ca-a053-6d397af381ce}</UniqueIdentifier>
    </Filter>
    <Filter Include="PlayGround\item\Armor">
      <UniqueIdentifier>{763407c2-e5e2-4b03-97bc-78e72108aed7}</UniqueIdentifier>
    </Filter>
    <Filter Include="PlayGround\item\Potion">
      <UniqueIdentifier>{183fcc10-aeeb-4129-96be-87bc4dc95aef}</UniqueIdentifier>
    </Filter>
    <Filter Include="PlayGround\item\Weapon">
      <UniqueIdentifier>{3e10b06a-9488-4b31-82ea-0871db53bf98}</UniqueIdentifier>
    </Filter>
    <Filter Include="PlayGround\item\Accessory">
      <UniqueIdentifier>{acc46a43-31a0-4400-b10c-aa961a49989e}</UniqueIdentifier>
    </Filter>
    <Filter Include="PlayGround\item\Gold">
      <UniqueIdentifier>{6f16ec98-48bd-479d-876a-ea8b87d71771}</UniqueIdentifier>
    </Filter>
    <Filter Include="PlayGround\Scene\Intro">
      <UniqueIdentifier>{0d268339-3b57-4bd0-b3e9-beb8861628e8}</UniqueIdentifier>
    </Filter>
    <Filter Include="PlayGround\player">
      <UniqueIdentifier>{66de6247-4e26-4a67-b533-144cb159d19c}</UniqueIdentifier>
    </Filter>
    <Filter Include="PlayGround\player\state">
      <UniqueIdentifier>{6ff57a3f-5ebf-49c8-af55-4a4753678398}</UniqueIdentifier>
    </Filter>
  </ItemGroup>
  <ItemGroup>
    <ClInclude Include="stdafx.h">
      <Filter>헤더 파일</Filter>
    </ClInclude>
    <ClInclude Include="targetver.h">
      <Filter>헤더 파일</Filter>
    </ClInclude>
    <ClInclude Include="Resource.h">
      <Filter>헤더 파일</Filter>
    </ClInclude>
    <ClInclude Include="commonMacroFunction.h">
      <Filter>헤더 파일</Filter>
    </ClInclude>
    <ClInclude Include="singletonBase.h">
      <Filter>2DFramework\singletonBase</Filter>
    </ClInclude>
    <ClInclude Include="randomFunction.h">
      <Filter>헤더 파일</Filter>
    </ClInclude>
    <ClInclude Include="playGround.h">
      <Filter>PlayGround</Filter>
    </ClInclude>
    <ClInclude Include="keyManager.h">
      <Filter>2DFramework\Manager</Filter>
    </ClInclude>
    <ClInclude Include="image.h">
      <Filter>2DFramework\image</Filter>
    </ClInclude>
    <ClInclude Include="utils.h">
      <Filter>2DFramework\Manager</Filter>
    </ClInclude>
    <ClInclude Include="imageManager.h">
      <Filter>2DFramework\Manager</Filter>
    </ClInclude>
    <ClInclude Include="progressBar.h">
      <Filter>2DFramework\progressBar</Filter>
    </ClInclude>
    <ClInclude Include="txtData.h">
      <Filter>2DFramework\txtData</Filter>
    </ClInclude>
    <ClInclude Include="timer.h">
      <Filter>2DFramework\Timer</Filter>
    </ClInclude>
    <ClInclude Include="timeManager.h">
      <Filter>2DFramework\Manager</Filter>
    </ClInclude>
    <ClInclude Include="animation.h">
      <Filter>2DFramework\animation</Filter>
    </ClInclude>
    <ClInclude Include="effect.h">
      <Filter>2DFramework\effect</Filter>
    </ClInclude>
    <ClInclude Include="effectManager.h">
      <Filter>2DFramework\Manager</Filter>
    </ClInclude>
    <ClInclude Include="iniDataManager.h">
      <Filter>2DFramework\Manager</Filter>
    </ClInclude>
    <ClInclude Include="soundManager.h">
      <Filter>2DFramework\Manager</Filter>
    </ClInclude>
    <ClInclude Include="sceneManager.h">
      <Filter>2DFramework\Manager</Filter>
    </ClInclude>
    <ClInclude Include="gameNode.h">
      <Filter>2DFramework</Filter>
    </ClInclude>
    <ClInclude Include="button.h">
      <Filter>2DFramework\button</Filter>
    </ClInclude>
    <ClInclude Include="action.h">
      <Filter>2DFramework\action</Filter>
    </ClInclude>
    <ClInclude Include="keyAniManager.h">
      <Filter>2DFramework\Manager</Filter>
    </ClInclude>
    <ClInclude Include="loadingScene.h">
      <Filter>2DFramework\loading</Filter>
    </ClInclude>
    <ClInclude Include="inGameScene.h">
      <Filter>2DFramework\loading</Filter>
    </ClInclude>
    <ClInclude Include="town.h">
      <Filter>PlayGround\Scene\town</Filter>
    </ClInclude>
    <ClInclude Include="camera.h">
      <Filter>PlayGround\camera</Filter>
    </ClInclude>
    <ClInclude Include="ui.h">
      <Filter>PlayGround\Scene\UI</Filter>
    </ClInclude>
    <ClInclude Include="worldMap.h">
      <Filter>PlayGround\Scene\worldMap</Filter>
    </ClInclude>
    <ClInclude Include="mapTool.h">
      <Filter>PlayGround\Scene\mapTool</Filter>
    </ClInclude>
    <ClInclude Include="dungeon.h">
      <Filter>PlayGround\Scene\dungeon</Filter>
    </ClInclude>
    <ClInclude Include="player.h">
      <Filter>PlayGround\player</Filter>
    </ClInclude>
    <ClInclude Include="enemyManager.h">
      <Filter>PlayGround\enemyManager</Filter>
    </ClInclude>
    <ClInclude Include="item.h">
      <Filter>PlayGround\item</Filter>
    </ClInclude>
    <ClInclude Include="npc.h">
      <Filter>PlayGround\npc</Filter>
    </ClInclude>
    <ClInclude Include="enemy.h">
      <Filter>PlayGround\enemy</Filter>
    </ClInclude>
    <ClInclude Include="ballMonster.h">
      <Filter>PlayGround\enemy</Filter>
    </ClInclude>
    <ClInclude Include="fireMonster.h">
      <Filter>PlayGround\enemy</Filter>
    </ClInclude>
    <ClInclude Include="knightMonster.h">
      <Filter>PlayGround\enemy</Filter>
    </ClInclude>
    <ClInclude Include="boss.h">
      <Filter>PlayGround\enemy</Filter>
    </ClInclude>
    <ClInclude Include="fireMonsterBullet.h">
      <Filter>PlayGround\enemyManager</Filter>
    </ClInclude>
    <ClInclude Include="blackFadeOut.h">
      <Filter>PlayGround\effect</Filter>
    </ClInclude>
    <ClInclude Include="mode7.h">
      <Filter>PlayGround\effect</Filter>
    </ClInclude>
    <ClInclude Include="PlayerWorldMap.h">
      <Filter>PlayGround\player</Filter>
    </ClInclude>
    <ClInclude Include="DashAttack.h">
      <Filter>PlayGround\player\state</Filter>
    </ClInclude>
    <ClInclude Include="DashJumpAttack.h">
      <Filter>PlayGround\player\state</Filter>
    </ClInclude>
    <ClInclude Include="jump.h">
      <Filter>PlayGround\player\state</Filter>
    </ClInclude>
    <ClInclude Include="Armor.h">
      <Filter>PlayGround\item\Armor</Filter>
    </ClInclude>
    <ClInclude Include="Inventory.h">
      <Filter>PlayGround\item</Filter>
    </ClInclude>
    <ClInclude Include="ItemManager.h">
      <Filter>PlayGround\item</Filter>
    </ClInclude>
    <ClInclude Include="Potion.h">
      <Filter>PlayGround\item\Potion</Filter>
    </ClInclude>
    <ClInclude Include="Weapon.h">
      <Filter>PlayGround\item\Weapon</Filter>
    </ClInclude>
    <ClInclude Include="Accessory.h">
      <Filter>PlayGround\item\Accessory</Filter>
    </ClInclude>
    <ClInclude Include="Gold.h">
      <Filter>PlayGround\item\Gold</Filter>
    </ClInclude>
    <ClInclude Include="ItemType.h">
      <Filter>PlayGround\item</Filter>
    </ClInclude>
    <ClInclude Include="townMap.h">
      <Filter>PlayGround\tileMap</Filter>
    </ClInclude>
    <ClInclude Include="IntroDungeon.h">
      <Filter>PlayGround\Scene\dungeon</Filter>
    </ClInclude>
    <ClInclude Include="ClockFadeOut.h">
      <Filter>PlayGround\effect</Filter>
    </ClInclude>
    <ClInclude Include="intro.h">
      <Filter>PlayGround\Scene\Intro</Filter>
    </ClInclude>
    <ClInclude Include="Elder.h">
      <Filter>PlayGround\npc</Filter>
    </ClInclude>
    <ClInclude Include="Elle.h">
      <Filter>PlayGround\npc</Filter>
    </ClInclude>
    <ClInclude Include="npcManager.h">
      <Filter>PlayGround\npc</Filter>
    </ClInclude>
    <ClInclude Include="TownHuman.h">
      <Filter>PlayGround\npc</Filter>
    </ClInclude>
    <ClInclude Include="Bird.h">
      <Filter>PlayGround\npc</Filter>
    </ClInclude>
    <ClInclude Include="MapNode.h">
      <Filter>PlayGround\Scene\mapTool</Filter>
    </ClInclude>
    <ClInclude Include="world.h">
      <Filter>PlayGround\tileMap</Filter>
    </ClInclude>
    <ClInclude Include="dungeon2F.h">
      <Filter>PlayGround\Scene\dungeon</Filter>
    </ClInclude>
    <ClInclude Include="bossScene.h">
      <Filter>PlayGround\Scene\dungeon</Filter>
    </ClInclude>
    <ClInclude Include="dungeonMap.h">
      <Filter>PlayGround\tileMap</Filter>
    </ClInclude>
    <ClInclude Include="JumpAttack.h">
      <Filter>PlayGround\player\state</Filter>
    </ClInclude>
  </ItemGroup>
  <ItemGroup>
    <ClCompile Include="stdafx.cpp">
      <Filter>소스 파일</Filter>
    </ClCompile>
    <ClCompile Include="windowsAPI.cpp">
      <Filter>소스 파일</Filter>
    </ClCompile>
    <ClCompile Include="gameNode.cpp">
      <Filter>2DFramework</Filter>
    </ClCompile>
    <ClCompile Include="playGround.cpp">
      <Filter>PlayGround</Filter>
    </ClCompile>
    <ClCompile Include="keyManager.cpp">
      <Filter>2DFramework\Manager</Filter>
    </ClCompile>
    <ClCompile Include="image.cpp">
      <Filter>2DFramework\image</Filter>
    </ClCompile>
    <ClCompile Include="utils.cpp">
      <Filter>2DFramework\Manager</Filter>
    </ClCompile>
    <ClCompile Include="imageManager.cpp">
      <Filter>2DFramework\Manager</Filter>
    </ClCompile>
    <ClCompile Include="progressBar.cpp">
      <Filter>2DFramework\progressBar</Filter>
    </ClCompile>
    <ClCompile Include="txtData.cpp">
      <Filter>2DFramework\txtData</Filter>
    </ClCompile>
    <ClCompile Include="timer.cpp">
      <Filter>2DFramework\Timer</Filter>
    </ClCompile>
    <ClCompile Include="timeManager.cpp">
      <Filter>2DFramework\Manager</Filter>
    </ClCompile>
    <ClCompile Include="animation.cpp">
      <Filter>2DFramework\animation</Filter>
    </ClCompile>
    <ClCompile Include="effect.cpp">
      <Filter>2DFramework\effect</Filter>
    </ClCompile>
    <ClCompile Include="effectManager.cpp">
      <Filter>2DFramework\Manager</Filter>
    </ClCompile>
    <ClCompile Include="iniDataManager.cpp">
      <Filter>2DFramework\Manager</Filter>
    </ClCompile>
    <ClCompile Include="soundManager.cpp">
      <Filter>2DFramework\Manager</Filter>
    </ClCompile>
    <ClCompile Include="sceneManager.cpp">
      <Filter>2DFramework\Manager</Filter>
    </ClCompile>
    <ClCompile Include="button.cpp">
      <Filter>2DFramework\button</Filter>
    </ClCompile>
    <ClCompile Include="action.cpp">
      <Filter>2DFramework\action</Filter>
    </ClCompile>
    <ClCompile Include="keyAniManager.cpp">
      <Filter>2DFramework\Manager</Filter>
    </ClCompile>
    <ClCompile Include="loadingScene.cpp">
      <Filter>2DFramework\loading</Filter>
    </ClCompile>
    <ClCompile Include="inGameScene.cpp">
      <Filter>2DFramework\loading</Filter>
    </ClCompile>
    <ClCompile Include="town.cpp">
      <Filter>PlayGround\Scene\town</Filter>
    </ClCompile>
    <ClCompile Include="camera.cpp">
      <Filter>PlayGround\camera</Filter>
    </ClCompile>
    <ClCompile Include="ui.cpp">
      <Filter>PlayGround\Scene\UI</Filter>
    </ClCompile>
    <ClCompile Include="worldMap.cpp">
      <Filter>PlayGround\Scene\worldMap</Filter>
    </ClCompile>
    <ClCompile Include="mapTool.cpp">
      <Filter>PlayGround\Scene\mapTool</Filter>
    </ClCompile>
    <ClCompile Include="dungeon.cpp">
      <Filter>PlayGround\Scene\dungeon</Filter>
    </ClCompile>
    <ClCompile Include="player.cpp">
      <Filter>PlayGround\player</Filter>
    </ClCompile>
    <ClCompile Include="enemyManager.cpp">
      <Filter>PlayGround\enemyManager</Filter>
    </ClCompile>
    <ClCompile Include="item.cpp">
      <Filter>PlayGround\item</Filter>
    </ClCompile>
    <ClCompile Include="npc.cpp">
      <Filter>PlayGround\npc</Filter>
    </ClCompile>
    <ClCompile Include="enemy.cpp">
      <Filter>PlayGround\enemy</Filter>
    </ClCompile>
    <ClCompile Include="ballMonster.cpp">
      <Filter>PlayGround\enemy</Filter>
    </ClCompile>
    <ClCompile Include="fireMonster.cpp">
      <Filter>PlayGround\enemy</Filter>
    </ClCompile>
    <ClCompile Include="knightMonster.cpp">
      <Filter>PlayGround\enemy</Filter>
    </ClCompile>
    <ClCompile Include="boss.cpp">
      <Filter>PlayGround\enemy</Filter>
    </ClCompile>
    <ClCompile Include="fireMonsterBullet.cpp">
      <Filter>PlayGround\enemyManager</Filter>
    </ClCompile>
    <ClCompile Include="blackFadeOut.cpp">
      <Filter>PlayGround\effect</Filter>
    </ClCompile>
    <ClCompile Include="mode7.cpp">
      <Filter>PlayGround\effect</Filter>
    </ClCompile>
    <ClCompile Include="PlayerWorldMap.cpp">
      <Filter>PlayGround\player</Filter>
    </ClCompile>
    <ClCompile Include="DashAttack.cpp">
      <Filter>PlayGround\player\state</Filter>
    </ClCompile>
    <ClCompile Include="DashJumpAttack.cpp">
      <Filter>PlayGround\player\state</Filter>
    </ClCompile>
    <ClCompile Include="jump.cpp">
      <Filter>PlayGround\player\state</Filter>
    </ClCompile>
    <ClCompile Include="JumpAttack.cpp">
      <Filter>PlayGround\player\state</Filter>
    </ClCompile>
    <ClCompile Include="Armor.cpp">
      <Filter>PlayGround\item\Armor</Filter>
    </ClCompile>
    <ClCompile Include="Inventory.cpp">
      <Filter>PlayGround\item</Filter>
    </ClCompile>
    <ClCompile Include="ItemManager.cpp">
      <Filter>PlayGround\item</Filter>
    </ClCompile>
    <ClCompile Include="Potion.cpp">
      <Filter>PlayGround\item\Potion</Filter>
    </ClCompile>
    <ClCompile Include="Weapon.cpp">
      <Filter>PlayGround\item\Weapon</Filter>
    </ClCompile>
    <ClCompile Include="Accessory.cpp">
      <Filter>PlayGround\item\Accessory</Filter>
    </ClCompile>
    <ClCompile Include="Gold.cpp">
      <Filter>PlayGround\item\Gold</Filter>
    </ClCompile>
    <ClCompile Include="playerState.cpp">
      <Filter>PlayGround\player</Filter>
    </ClCompile>
    <ClCompile Include="townMap.cpp">
      <Filter>PlayGround\tileMap</Filter>
    </ClCompile>
    <ClCompile Include="IntroDungeon.cpp">
      <Filter>PlayGround\Scene\dungeon</Filter>
    </ClCompile>
    <ClCompile Include="ClockFadeOut.cpp">
      <Filter>PlayGround\effect</Filter>
    </ClCompile>
    <ClCompile Include="intro.cpp">
      <Filter>PlayGround\Scene\Intro</Filter>
    </ClCompile>
    <ClCompile Include="Elder.cpp">
      <Filter>PlayGround\npc</Filter>
    </ClCompile>
    <ClCompile Include="Elle.cpp">
      <Filter>PlayGround\npc</Filter>
    </ClCompile>
    <ClCompile Include="npcManager.cpp">
      <Filter>PlayGround\npc</Filter>
    </ClCompile>
    <ClCompile Include="TownHuman.cpp">
      <Filter>PlayGround\npc</Filter>
    </ClCompile>
    <ClCompile Include="Bird.cpp">
      <Filter>PlayGround\npc</Filter>
    </ClCompile>
    <ClCompile Include="world.cpp">
      <Filter>PlayGround\tileMap</Filter>
    </ClCompile>
    <ClCompile Include="dungeon2F.cpp">
      <Filter>PlayGround\Scene\dungeon</Filter>
    </ClCompile>
    <ClCompile Include="bossScene.cpp">
      <Filter>PlayGround\Scene\dungeon</Filter>
    </ClCompile>
    <ClCompile Include="dungeonMap.cpp">
      <Filter>PlayGround\tileMap</Filter>
    </ClCompile>
    <ClCompile Include="playerUI.cpp">
      <Filter>PlayGround\player</Filter>
    </ClCompile>
  </ItemGroup>
  <ItemGroup>
    <ResourceCompile Include="windowsAPI.rc">
      <Filter>리소스 파일</Filter>
    </ResourceCompile>
  </ItemGroup>
  <ItemGroup>
    <Image Include="small.ico">
      <Filter>리소스 파일</Filter>
    </Image>
    <Image Include="windowsAPI.ico">
      <Filter>리소스 파일</Filter>
    </Image>
  </ItemGroup>
</Project>